version = 1
revision = 3
requires-python = ">=3.12"

[[package]]
name = "colorama"
version = "0.4.6"
source = { registry = "https://pypi.org/simple" }
sdist = { url = "https://files.pythonhosted.org/packages/d8/53/6f443c9a4a8358a93a6792e2acffb9d9d5cb0a5cfd8802644b7b1c9a02e4/colorama-0.4.6.tar.gz", hash = "sha256:08695f5cb7ed6e0531a20572697297273c47b8cae5a63ffc6d6ed5c201be6e44", size = 27697, upload-time = "2022-10-25T02:36:22.414Z" }
wheels = [
    { url = "https://files.pythonhosted.org/packages/d1/d6/3965ed04c63042e047cb6a3e6ed1a63a35087b6a609aa3a15ed8ac56c221/colorama-0.4.6-py2.py3-none-any.whl", hash = "sha256:4f1d9991f5acc0ca119f9d443620b77f9d6b33703e51011c16baf57afb285fc6", size = 25335, upload-time = "2022-10-25T02:36:20.889Z" },
]

[[package]]
name = "exceptiongroup"
version = "1.3.1"
source = { registry = "https://pypi.org/simple" }
dependencies = [
    { name = "typing-extensions", marker = "python_full_version < '3.13'" },
]
sdist = { url = "https://files.pythonhosted.org/packages/50/79/66800aadf48771f6b62f7eb014e352e5d06856655206165d775e675a02c9/exceptiongroup-1.3.1.tar.gz", hash = "sha256:8b412432c6055b0b7d14c310000ae93352ed6754f70fa8f7c34141f91c4e3219", size = 30371, upload-time = "2025-11-21T23:01:54.787Z" }
wheels = [
    { url = "https://files.pythonhosted.org/packages/8a/0e/97c33bf5009bdbac74fd2beace167cab3f978feb69cc36f1ef79360d6c4e/exceptiongroup-1.3.1-py3-none-any.whl", hash = "sha256:a7a39a3bd276781e98394987d3a5701d0c4edffb633bb7a5144577f82c773598", size = 16740, upload-time = "2025-11-21T23:01:53.443Z" },
]

[[package]]
name = "fleshwound"
version = "0.0.1"
source = { editable = "." }
dependencies = [
    { name = "pydantic-monty" },
]

[package.optional-dependencies]
test = [
    { name = "pytest" },
]

[package.metadata]
requires-dist = [
    { name = "pydantic-monty" },
    { name = "pytest", marker = "extra == 'test'" },
]
provides-extras = ["test"]

[[package]]
name = "iniconfig"
version = "2.3.0"
source = { registry = "https://pypi.org/simple" }
sdist = { url = "https://files.pythonhosted.org/packages/72/34/14ca021ce8e5dfedc35312d08ba8bf51fdd999c576889fc2c24cb97f4f10/iniconfig-2.3.0.tar.gz", hash = "sha256:c76315c77db068650d49c5b56314774a7804df16fee4402c1f19d6d15d8c4730", size = 20503, upload-time = "2025-10-18T21:55:43.219Z" }
wheels = [
    { url = "https://files.pythonhosted.org/packages/cb/b1/3846dd7f199d53cb17f49cba7e651e9ce294d8497c8c150530ed11865bb8/iniconfig-2.3.0-py3-none-any.whl", hash = "sha256:f631c04d2c48c52b84d0d0549c99ff3859c98df65b3101406327ecc7d53fbf12", size = 7484, upload-time = "2025-10-18T21:55:41.639Z" },
]

[[package]]
name = "packaging"
version = "26.2"
source = { registry = "https://pypi.org/simple" }
sdist = { url = "https://files.pythonhosted.org/packages/d7/f1/e7a6dd94a8d4a5626c03e4e99c87f241ba9e350cd9e6d75123f992427270/packaging-26.2.tar.gz", hash = "sha256:ff452ff5a3e828ce110190feff1178bb1f2ea2281fa2075aadb987c2fb221661", size = 228134, upload-time = "2026-04-24T20:15:23.917Z" }
wheels = [
    { url = "https://files.pythonhosted.org/packages/df/b2/87e62e8c3e2f4b32e5fe99e0b86d576da1312593b39f47d8ceef365e95ed/packaging-26.2-py3-none-any.whl", hash = "sha256:5fc45236b9446107ff2415ce77c807cee2862cb6fac22b8a73826d0693b0980e", size = 100195, upload-time = "2026-04-24T20:15:22.081Z" },
]

[[package]]
name = "pluggy"
version = "1.6.0"
source = { registry = "https://pypi.org/simple" }
sdist = { url = "https://files.pythonhosted.org/packages/f9/e2/3e91f31a7d2b083fe6ef3fa267035b518369d9511ffab804f839851d2779/pluggy-1.6.0.tar.gz", hash = "sha256:7dcc130b76258d33b90f61b658791dede3486c3e6bfb003ee5c9bfb396dd22f3", size = 69412, upload-time = "2025-05-15T12:30:07.975Z" }
wheels = [
    { url = "https://files.pythonhosted.org/packages/54/20/4d324d65cc6d9205fabedc306948156824eb9f0ee1633355a8f7ec5c66bf/pluggy-1.6.0-py3-none-any.whl", hash = "sha256:e920276dd6813095e9377c0bc5566d94c932c33b27a3e3945d8389c374dd4746", size = 20538, upload-time = "2025-05-15T12:30:06.134Z" },
]

[[package]]
name = "pydantic-monty"
version = "0.0.17"
source = { registry = "https://pypi.org/simple" }
dependencies = [
    { name = "typing-extensions" },
]
sdist = { url = "https://files.pythonhosted.org/packages/f4/f8/431ba0b79d02922811392c4e3d283d6508f7052ceaa1936cc34878703ecc/pydantic_monty-0.0.17.tar.gz", hash = "sha256:9c4904a8fbc63282793f3afd2d180124494c7fc371783f365e5691c9586360af", size = 1007724, upload-time = "2026-04-22T20:13:48.915Z" }
wheels = [
    { url = "https://files.pythonhosted.org/packages/5e/19/8105bc0b3acb42f6cb48a29669a5e21316bc05e3e9b6fab64cf94b483712/pydantic_monty-0.0.17-cp310-cp310-macosx_10_12_x86_64.whl", hash = "sha256:3c3b6c026d8a0437eeb4d6b2d908be75e2715e0555b9a13f076b7e9ba9bbae19", size = 7344730, upload-time = "2026-04-22T20:13:24.408Z" },
    { url = "https://files.pythonhosted.org/packages/6d/a2/7281cdb37481c4252292b63bebf737c87d0fd463f3174499608607de0907/pydantic_monty-0.0.17-cp310-cp310-macosx_11_0_arm64.whl", hash = "sha256:c80b4d34437abd209c042f81f8ecea81a097022fb9b01431ab859b877edfbc4d", size = 7334937, upload-time = "2026-04-22T20:15:06.923Z" },
    { url = "https://files.pythonhosted.org/packages/a5/68/0bf7c0c627a56d8653b42888a3c1fc33cd33d2532ec456d9358275d7c792/pydantic_monty-0.0.17-cp310-cp310-manylinux_2_12_i686.manylinux2010_i686.whl", hash = "sha256:beecc1f7e5b10db40d7b2b24a68166a36514289a2402bfef370a7984e90a2ab8", size = 7864543, upload-time = "2026-04-22T20:14:46.273Z" },
    { url = "https://files.pythonhosted.org/packages/09/9b/5a6f006541fd3bdc64b6dfbbaeabfb2244c89a22d7077a1fc92ec497c03e/pydantic_monty-0.0.17-cp310-cp310-manylinux_2_17_aarch64.manylinux2014_aarch64.whl", hash = "sha256:64ea7babdcc9fba93089fa52589b6d0549f755e37500f6cf4aeaeb8e56328a3e", size = 7138764, upload-time = "2026-04-22T20:15:30.516Z" },
    { url = "https://files.pythonhosted.org/packages/01/cc/59cca979bd427d166df8c827fba9e794c4a5c08943e225a22adf9854a78f/pydantic_monty-0.0.17-cp310-cp310-manylinux_2_17_armv7l.manylinux2014_armv7l.whl", hash = "sha256:a7fe77a191205becb622eaecb075e8bcbbbe4dac20a916d9c58ce6d59a22a8da", size = 7444006, upload-time = "2026-04-22T20:15:23.386Z" },
    { url = "https://files.pythonhosted.org/packages/1f/c5/d027170fb33fcbc038febb76dfd2d9047f5194a250ea608e3ed8e5ec28d4/pydantic_monty-0.0.17-cp310-cp310-manylinux_2_17_ppc64le.manylinux2014_ppc64le.whl", hash = "sha256:2cdbefc180cc83c8b8415aaf95b9099bb2cb15261f40ebe2c92f13e7d52439a4", size = 7967564, upload-time = "2026-04-22T20:14:57.315Z" },
    { url = "https://files.pythonhosted.org/packages/3e/01/ac0d4bc1ff00acfac14b7cb2ee322d08778c206cd57f43da8206a2f6ce78/pydantic_monty-0.0.17-cp310-cp310-manylinux_2_17_s390x.manylinux2014_s390x.whl", hash = "sha256:575ce5aa31db18bbbf6275f00e9b0c005ca393bfb73a2f306a577ad490ec2d98", size = 8199021, upload-time = "2026-04-22T20:15:14.488Z" },
    { url = "https://files.pythonhosted.org/packages/51/85/8d0c6e5f127da9ebc0fcda6e411592d12b7606347d67aecd4363df5eed6b/pydantic_monty-0.0.17-cp310-cp310-manylinux_2_17_x86_64.manylinux2014_x86_64.whl", hash = "sha256:e252ec54fc4728406045f7be36ca45dbea8e6856df9c6154b1b9821b8952dfa2", size = 7769814, upload-time = "2026-04-22T20:14:55.197Z" },
    { url = "https://files.pythonhosted.org/packages/ac/cc/cb4d1b14b039eab00b33a7274f15f81739c3f272e2dfbeb8fb13c6b0c85d/pydantic_monty-0.0.17-cp310-cp310-musllinux_1_1_aarch64.whl", hash = "sha256:fba71e5cb49f15a1446ecee142c8cc11f4bd6df4fcb4926465c83181474b2fd4", size = 7317432, upload-time = "2026-04-22T20:14:19.993Z" },
    { url = "https://files.pythonhosted.org/packages/c8/16/737c7a023abbcb21848eb4d58f7167d9f4f8cdc46858ce8ed835cc2c137c/pydantic_monty-0.0.17-cp310-cp310-musllinux_1_1_x86_64.whl", hash = "sha256:69136647abd56f804987834e37573adcc5c3b3d05013b8b3a2939f44b3bd5199", size = 7767816, upload-time = "2026-04-22T20:13:40.002Z" },
    { url = "https://files.pythonhosted.org/packages/dc/9f/5302b784f882ae8a8396f29f8c5ab4c16524c173a3d777b94af33858fdf2/pydantic_monty-0.0.17-cp310-cp310-win32.whl", hash = "sha256:d5b3beb6169b59adea10fdefb1e54bfa9a66165404891dfb6fcf16f7749cda3b", size = 7230648, upload-time = "2026-04-22T20:14:27.03Z" },
    { url = "https://files.pythonhosted.org/packages/1c/27/8c219f619dad466ec25db365acf88e2a50450dd862e0daff0eb281b6176b/pydantic_monty-0.0.17-cp310-cp310-win_amd64.whl", hash = "sha256:50ed9561b6dd1a1863d4cac81e4eaca64cb10ab541aaab92fcb5996739bb8e7f", size = 8075073, upload-time = "2026-04-22T20:14:17.073Z" },
    { url = "https://files.pythonhosted.org/packages/e7/42/ca8e42d9f3318f5c454cf8b168d814ec97c6f2afc38756d4b1b806184f6d/pydantic_monty-0.0.17-cp311-cp311-macosx_10_12_x86_64.whl", hash = "sha256:af890d691f6055491a4e643dd5bf09e07bd7a20ad70038531aada6415ab8794a", size = 7344138, upload-time = "2026-04-22T20:13:29.155Z" },
    { url = "https://files.pythonhosted.org/packages/56/c8/cfaf0a56087301d4e88f72cf54ea45a7eebc09c021c85b8864447f1e3755/pydantic_monty-0.0.17-cp311-cp311-macosx_11_0_arm64.whl", hash = "sha256:2f38a69858dfdd2c9474156616d05e25a288e2080aee24152fa40c19ad425f0e", size = 7334903, upload-time = "2026-04-22T20:14:31.489Z" },
    { url = "https://files.pythonhosted.org/packages/51/77/a751a6f73f854aa85fed94cfa5ecab21d7bf218c9fa03c96f9edf470cc4e/pydantic_monty-0.0.17-cp311-cp311-manylinux_2_12_i686.manylinux2010_i686.whl", hash = "sha256:bb88264e291cee56770a775f57125538c4713c6d362e89ee63bff506f650a0df", size = 7864258, upload-time = "2026-04-22T20:13:15.594Z" },
    { url = "https://files.pythonhosted.org/packages/0a/fe/2eb51eb37e9f712cada64fa8d7df4b63b1f5fc635290147ab158ff0e1ef1/pydantic_monty-0.0.17-cp311-cp311-manylinux_2_17_aarch64.manylinux2014_aarch64.whl", hash = "sha256:54c317611454aba8be7ca96aeeea9429f4702a5c4ba89812bea82bed0d8e34fd", size = 7138153, upload-time = "2026-04-22T20:14:22.255Z" },
    { url = "https://files.pythonhosted.org/packages/bb/15/835b10cdec3b96b089eef9899df6850b7f84a10225c491698b0ecf8e532a/pydantic_monty-0.0.17-cp311-cp311-manylinux_2_17_armv7l.manylinux2014_armv7l.whl", hash = "sha256:9563b5b4933f0f08c0e66ec66aaa4f43f2388bcc04b984e58aab2146dacd3829", size = 7443572, upload-time = "2026-04-22T20:13:17.951Z" },
    { url = "https://files.pythonhosted.org/packages/16/92/aca140923fad8a2821a135cfeaa2fbb3321063bbadaa760424a016bb1ac6/pydantic_monty-0.0.17-cp311-cp311-manylinux_2_17_ppc64le.manylinux2014_ppc64le.whl", hash = "sha256:35f267a501bc1910178a1515fdd3dd927273fbb44e44b8718cb3b33aee79f41b", size = 7967178, upload-time = "2026-04-22T20:14:06.032Z" },
    { url = "https://files.pythonhosted.org/packages/d7/ca/7c4ff1e3fe2e82a4745decfca67b54a7a61cd306875e32d8e41c5192c69e/pydantic_monty-0.0.17-cp311-cp311-manylinux_2_17_s390x.manylinux2014_s390x.whl", hash = "sha256:35b000c52755f25f322ea7c4d079f09aa60635ffe24a6463899e423066a41bf3", size = 8198241, upload-time = "2026-04-22T20:15:21.2Z" },
    { url = "https://files.pythonhosted.org/packages/30/0b/702db7b753b96ebc6713e7cbdfaecdb471df3e3cb0f0f6e828620a743b78/pydantic_monty-0.0.17-cp311-cp311-manylinux_2_17_x86_64.manylinux2014_x86_64.whl", hash = "sha256:61b517776ad13aa4580b1dd89188b18296ceeaf88256423563bbc99e804fd83f", size = 7768859, upload-time = "2026-04-22T20:13:20.044Z" },
    { url = "https://files.pythonhosted.org/packages/29/9c/8d16e0cc0c36d1444f25d57da68dd22216bf0961c457a482429cec32141b/pydantic_monty-0.0.17-cp311-cp311-musllinux_1_1_aarch64.whl", hash = "sha256:5da5362ef25665a23a3b13024497719f65cafa61d696cac76429f84701bee2e2", size = 7316674, upload-time = "2026-04-22T20:14:52.579Z" },
    { url = "https://files.pythonhosted.org/packages/6f/4d/d47ae703d402e45475333c4bf11b117c8068305f00c1363dbaea13d0fd09/pydantic_monty-0.0.17-cp311-cp311-musllinux_1_1_x86_64.whl", hash = "sha256:7e655b6ddd552c02b751f1d57fc291fbd5654ff8b166a8bd634857879160d0b7", size = 7767515, upload-time = "2026-04-22T20:15:16.539Z" },
    { url = "https://files.pythonhosted.org/packages/99/9b/e17fb50d0df5cf9908f8fffa25c5909ed0eb92ca102ded06f7a6d6133e78/pydantic_monty-0.0.17-cp311-cp311-win32.whl", hash = "sha256:ea8b3ae8c42d572cefad841d3bda63cc458d9de2361cb9172914250e6dbe2c75", size = 7230347, upload-time = "2026-04-22T20:14:08.083Z" },
    { url = "https://files.pythonhosted.org/packages/5e/82/d3119f59652d04bcf69d671ddbd38464d5775fbc738a258d3c8f7800e29d/pydantic_monty-0.0.17-cp311-cp311-win_amd64.whl", hash = "sha256:3293c2f7524bfc7c3d8c794f1c1dc1eb4cf9c65a5e222061e2218ced85f3f6df", size = 8074183, upload-time = "2026-04-22T20:14:50.42Z" },
    { url = "https://files.pythonhosted.org/packages/d1/31/95827babdb35149f076c5d191b6b1e7a7c58f4bc72432f905e02e4e3231e/pydantic_monty-0.0.17-cp312-cp312-macosx_10_12_x86_64.whl", hash = "sha256:27c2254fa7a7b05e969f79578889230d293c62e0b1ee28371ec4f3c54b14426a", size = 7342248, upload-time = "2026-04-22T20:15:18.775Z" },
    { url = "https://files.pythonhosted.org/packages/cb/67/ca9cfc07cd445d22def53e9db86912f9ae3e11ef772ce41c2ff41a47eac5/pydantic_monty-0.0.17-cp312-cp312-macosx_11_0_arm64.whl", hash = "sha256:445cc471ce6f5a88ef06741b7ebc7002a2253d182f55a2f47094d4adedaaf497", size = 7311255, upload-time = "2026-04-22T20:15:27.913Z" },
    { url = "https://files.pythonhosted.org/packages/df/96/abc9c4972d91a9673435b84e12b99d038e42d1f99648fc9e5f242e09d00e/pydantic_monty-0.0.17-cp312-cp312-manylinux_2_12_i686.manylinux2010_i686.whl", hash = "sha256:39121038405911f59da7bf61164251f59bad3fb1b0cd28f43c42c3949eee2c8a", size = 7868109, upload-time = "2026-04-22T20:15:04.779Z" },
    { url = "https://files.pythonhosted.org/packages/75/82/9e4d55529bb99d882b9277a721762537a8bc1345ab1d052bb614a88bd15b/pydantic_monty-0.0.17-cp312-cp312-manylinux_2_17_aarch64.manylinux2014_aarch64.whl", hash = "sha256:dafc8ffe57c257002f623afdb7d0e41f73de850179ebd90b42611e4f2b6f9884", size = 7139709, upload-time = "2026-04-22T20:15:25.386Z" },
    { url = "https://files.pythonhosted.org/packages/96/97/f1af6acefb7bb38d73934d6853998bbd327de7418b811372519080d9fd84/pydantic_monty-0.0.17-cp312-cp312-manylinux_2_17_armv7l.manylinux2014_armv7l.whl", hash = "sha256:ea00838ef8f37dcd8085defcbdfe89fdd05297a6533f1d3f4cad857d13cedc7b", size = 7450444, upload-time = "2026-04-22T20:13:37.974Z" },
    { url = "https://files.pythonhosted.org/packages/1d/91/af92ef409e1c065345cf1451bbcf19e00f70a250b8372ec65143ca9a9238/pydantic_monty-0.0.17-cp312-cp312-manylinux_2_17_ppc64le.manylinux2014_ppc64le.whl", hash = "sha256:683d18089acf14d0de293245b9e37c7f0ec64e6d266f6773144211931aa3ec97", size = 7967525, upload-time = "2026-04-22T20:13:42.674Z" },
    { url = "https://files.pythonhosted.org/packages/7b/1f/23ecd6e268ef24ce6b0fe4a1e76a314990d2e923ac5791e29d657418243d/pydantic_monty-0.0.17-cp312-cp312-manylinux_2_17_s390x.manylinux2014_s390x.whl", hash = "sha256:c1829993dd50cf497cbed66ea9f6c8ff7d157d22592a05c7399f92fb8a549e3c", size = 8199124, upload-time = "2026-04-22T20:15:00.02Z" },
    { url = "https://files.pythonhosted.org/packages/42/2a/36b694ea0c7e202250a81a57faf00f218738da6c5d070c752f2d81cd34ce/pydantic_monty-0.0.17-cp312-cp312-manylinux_2_17_x86_64.manylinux2014_x86_64.whl", hash = "sha256:8a7869e3f41a54cc588096c52a8a4de25ecd81e75c867ea4164b14ea1ae1a57f", size = 7739623, upload-time = "2026-04-22T20:14:37.57Z" },
    { url = "https://files.pythonhosted.org/packages/98/e5/090357d7bc0f0751d1afbb71330695fa26554699c88ba56ecaad91657088/pydantic_monty-0.0.17-cp312-cp312-musllinux_1_1_aarch64.whl", hash = "sha256:f9c17663e2c6f07aec5bc54cd7e39a9e20f250a97a9081e1b2b932eb00d0afc5", size = 7317755, upload-time = "2026-04-22T20:14:48.367Z" },
    { url = "https://files.pythonhosted.org/packages/15/63/67200070cf33325ecfda81d4aee3bf312250ce80bd73058103e04e0f3587/pydantic_monty-0.0.17-cp312-cp312-musllinux_1_1_x86_64.whl", hash = "sha256:5d2cf98afe2fb124f6ade91d9663d54277478cad417164f83df1854a41ef450c", size = 7769158, upload-time = "2026-04-22T20:14:39.611Z" },
    { url = "https://files.pythonhosted.org/packages/58/ce/9ecfbc2f45406cfb247fafdea4f4a8412db3e559a22c4385eb15266ba2c1/pydantic_monty-0.0.17-cp312-cp312-win32.whl", hash = "sha256:b2185cc4effbbd6793eed4e0f0bcb6a3dbfbb3289ea4d47888708813f0a3dd47", size = 7227917, upload-time = "2026-04-22T20:14:15.122Z" },
    { url = "https://files.pythonhosted.org/packages/d3/80/9be3bef8273817ccc17da25c3ce4ff5d5d45e5629c17eacc90cdef073821/pydantic_monty-0.0.17-cp312-cp312-win_amd64.whl", hash = "sha256:7833daed757ec9b09b627cc3577a4a76b114c5148f779531d7cfdb1095bcf0a9", size = 8043469, upload-time = "2026-04-22T20:13:22.102Z" },
    { url = "https://files.pythonhosted.org/packages/b5/44/0e106b8b27eb93b66e4f3d279486464e05ba5ee31088848e58b5f506f879/pydantic_monty-0.0.17-cp313-cp313-macosx_10_12_x86_64.whl", hash = "sha256:e0cdac8c3c16477596bc96ee1cec4f2fbaccd089e2daa1e7b9f227cc89f97cb1", size = 7341507, upload-time = "2026-04-22T20:14:41.717Z" },
    { url = "https://files.pythonhosted.org/packages/e5/88/a0315fa08e62e2d1ef00c03d8202d7bef3f1f71543bebfb916fea265c0a2/pydantic_monty-0.0.17-cp313-cp313-macosx_11_0_arm64.whl", hash = "sha256:37290d6a1c35aba5cfb8b490bb31c0d822e8ddca8f3ca9ea068e30930d80dd1e", size = 7311916, upload-time = "2026-04-22T20:13:34.022Z" },
    { url = "https://files.pythonhosted.org/packages/e7/e5/e4da6acb408594cbfbfb8dd3c0491b9b2ee54e9183e7ebc5f584baa07af9/pydantic_monty-0.0.17-cp313-cp313-manylinux_2_12_i686.manylinux2010_i686.whl", hash = "sha256:49f252b2fb918686d3e8f76cb30245e782d1560a7fa68dbc0f6940d83c12bd41", size = 7867465, upload-time = "2026-04-22T20:13:31.466Z" },
    { url = "https://files.pythonhosted.org/packages/58/d4/64c2f8eb708a743b0944ea8f71dfd51bc655285b4be28d55577dafbb29fa/pydantic_monty-0.0.17-cp313-cp313-manylinux_2_17_aarch64.manylinux2014_aarch64.whl", hash = "sha256:2254d25c34463d67069f5f1567157bde9311654cd5371f8933b8ea9815bfa26a", size = 7139262, upload-time = "2026-04-22T20:14:10.715Z" },
    { url = "https://files.pythonhosted.org/packages/0c/67/5d766f9cd304e871a5dfe5f0a85eaa533538ef07e9b2858fdf9f37f83694/pydantic_monty-0.0.17-cp313-cp313-manylinux_2_17_armv7l.manylinux2014_armv7l.whl", hash = "sha256:f0688a1fa5dc045ac7b7e996d7269b94f74f116d7b1e352c7b5bb5ad53d4fe03", size = 7450119, upload-time = "2026-04-22T20:13:44.515Z" },
    { url = "https://files.pythonhosted.org/packages/33/98/fa16779021d93edb19807e87cdba56bbec6adfad21f10b41a212572ce513/pydantic_monty-0.0.17-cp313-cp313-manylinux_2_17_ppc64le.manylinux2014_ppc64le.whl", hash = "sha256:7b35121ac555ed201405c69d531e4cb916da6984b8cd2e15c8a319117349faf6", size = 7967398, upload-time = "2026-04-22T20:13:55.576Z" },
    { url = "https://files.pythonhosted.org/packages/92/64/287a42720bc9e975ab5b52625aa9fc6bcef8298dd821022cc45c6ee1808d/pydantic_monty-0.0.17-cp313-cp313-manylinux_2_17_s390x.manylinux2014_s390x.whl", hash = "sha256:7c97dc44af25d4392b474902fc40f78f09fe8f44ba791364670334fe12abc077", size = 8198835, upload-time = "2026-04-22T20:15:02.072Z" },
    { url = "https://files.pythonhosted.org/packages/97/37/03edb1fd582b79b2b462afc3fea5e1c8fea73afefc4870dc35fc3c7c492e/pydantic_monty-0.0.17-cp313-cp313-manylinux_2_17_x86_64.manylinux2014_x86_64.whl", hash = "sha256:3ed2fb365ef9ca921de9a17786ecfa2efe06e65678e6ca57be51658a2a880f31", size = 7739241, upload-time = "2026-04-22T20:13:46.925Z" },
    { url = "https://files.pythonhosted.org/packages/11/0b/b765c9ca2ae27def1caa07345aba073ae1239fc2d9cca7a375f3dc2195f7/pydantic_monty-0.0.17-cp313-cp313-musllinux_1_1_aarch64.whl", hash = "sha256:5bf9f07b38dd12747e3c95b169a5afb3e2e9107622e01e548246c84d19a69c99", size = 7316719, upload-time = "2026-04-22T20:14:13.058Z" },
    { url = "https://files.pythonhosted.org/packages/e4/3b/64fe872cd575ab5262e1ba2959554ead198c939cfaa425f7f8e9b1ad2694/pydantic_monty-0.0.17-cp313-cp313-musllinux_1_1_x86_64.whl", hash = "sha256:a5e9bafd4b5acbc0a8e12ee8403a3ce37281c3b0fa5909d3f412bee76c69003c", size = 7769150, upload-time = "2026-04-22T20:13:57.784Z" },
    { url = "https://files.pythonhosted.org/packages/76/b4/b6a0bb41f39bac2e11e6a2fd42ca0886893fafa6344fb17c3f0a94e22e83/pydantic_monty-0.0.17-cp313-cp313-win32.whl", hash = "sha256:1c239ae3e610d3f39cd1609285209a4e2d046b465ac1bfed0d4374c615eed0fa", size = 7227705, upload-time = "2026-04-22T20:15:12.262Z" },
    { url = "https://files.pythonhosted.org/packages/86/e7/d8cd62f537f7ab17714ee19ea221a0e341dab407215376ab1c41d79794c9/pydantic_monty-0.0.17-cp313-cp313-win_amd64.whl", hash = "sha256:1886c3590b02f359ae991f1e76691064f167330eda4fbf22762127ce17d0eb48", size = 8043469, upload-time = "2026-04-22T20:14:24.86Z" },
    { url = "https://files.pythonhosted.org/packages/69/c0/8354baf835e1a04c4b9e11d253f82df7d625a9305e6a23a177fb895b1484/pydantic_monty-0.0.17-cp314-cp314-macosx_10_12_x86_64.whl", hash = "sha256:a166bd04d1996f0d144fbb5e1391cd1c0fbdacd4fa3b689dd48931388679fe98", size = 7341303, upload-time = "2026-04-22T20:14:35.653Z" },
    { url = "https://files.pythonhosted.org/packages/00/ac/d58221b5e17915421ca00bb08b805ac121b6accb194785d5422da4a2f5fc/pydantic_monty-0.0.17-cp314-cp314-macosx_11_0_arm64.whl", hash = "sha256:d82f319e3fd79707a7b81bbb68596509d14ac73502d2f0daf4ab5d281efdfbdc", size = 7318912, upload-time = "2026-04-22T20:13:59.966Z" },
    { url = "https://files.pythonhosted.org/packages/81/3f/8eeb8f652f6cd6e06a737aa9f00de2949e37a669b31756bc51b6182457b4/pydantic_monty-0.0.17-cp314-cp314-manylinux_2_12_i686.manylinux2010_i686.whl", hash = "sha256:f38b9875f7ff56fe69538b60b2ecbdcbe2b8b7780407ceb05fe0ee1414bf8d19", size = 7867027, upload-time = "2026-04-22T20:13:51.426Z" },
    { url = "https://files.pythonhosted.org/packages/55/ba/ec6620c27c8b4cada6ce53378c52c245e238e50a20b968cafdc1b8573c4e/pydantic_monty-0.0.17-cp314-cp314-manylinux_2_17_aarch64.manylinux2014_aarch64.whl", hash = "sha256:74a778bb5a4dcdbc85b3b9002f9a72a43fb6ffd88635bfdd502e8d3053008337", size = 7137542, upload-time = "2026-04-22T20:13:35.939Z" },
    { url = "https://files.pythonhosted.org/packages/41/78/5419785630511b54b15cfb094871bcb53ec9025ba8d91bd7ab5b22b6c98f/pydantic_monty-0.0.17-cp314-cp314-manylinux_2_17_armv7l.manylinux2014_armv7l.whl", hash = "sha256:9e2ab074a65738e9c1b4be9a432e7ca1e9987a6706018dc7a5af6d4ce7cecdf3", size = 7450222, upload-time = "2026-04-22T20:13:53.378Z" },
    { url = "https://files.pythonhosted.org/packages/61/04/cec11fa96a47034da3c21af53e73f43d2270f5ce96cd710809859fe9c0b2/pydantic_monty-0.0.17-cp314-cp314-manylinux_2_17_ppc64le.manylinux2014_ppc64le.whl", hash = "sha256:00fd1cd28b4200c9ccd02629868486b366af1bfe1f0584d4c9e513b7a941a868", size = 7967405, upload-time = "2026-04-22T20:14:03.826Z" },
    { url = "https://files.pythonhosted.org/packages/81/e3/f2be0fb975100b6936ca36a8410098f10fab3b26729c0b0d1de2fac59ff3/pydantic_monty-0.0.17-cp314-cp314-manylinux_2_17_s390x.manylinux2014_s390x.whl", hash = "sha256:26ea6684555bfd00cbe9d2df3e73caada3d82200c168c63cc475197b55b88401", size = 8199028, upload-time = "2026-04-22T20:13:26.802Z" },
    { url = "https://files.pythonhosted.org/packages/2c/43/358bdaa9c50d21fe4a25a71d43ce9af2d6796616fa47aca84f807433564e/pydantic_monty-0.0.17-cp314-cp314-manylinux_2_17_x86_64.manylinux2014_x86_64.whl", hash = "sha256:f804a03a3bbd0cf0ade1d4ce11b50ca6858e9c4440b27c746faf1d3c0a272954", size = 7749903, upload-time = "2026-04-22T20:15:09.626Z" },
    { url = "https://files.pythonhosted.org/packages/9a/da/8bcd0a78abf13edceca36aaf5c180fad963e4c2e042fd7247b9e96048306/pydantic_monty-0.0.17-cp314-cp314-musllinux_1_1_aarch64.whl", hash = "sha256:b5476e6c08b86b0bea554b97ce9b142aac1177447f2d3c5751864b27991fd1b1", size = 7312704, upload-time = "2026-04-22T20:14:33.668Z" },
    { url = "https://files.pythonhosted.org/packages/88/49/5de8bb7f8b82c3ebb8f2485e0b7a40055b072193039d95dcb5d35fcba72c/pydantic_monty-0.0.17-cp314-cp314-musllinux_1_1_x86_64.whl", hash = "sha256:b5fcdcca45439844bee268686f37226dbf5803ec7a5945f5536c41419f151dac", size = 7768902, upload-time = "2026-04-22T20:14:29.389Z" },
    { url = "https://files.pythonhosted.org/packages/f0/7c/500a002f1a52f17c8b8a989875da3e1590c18ce95c89856aa967e2348a36/pydantic_monty-0.0.17-cp314-cp314-win32.whl", hash = "sha256:4dd3e6e80a415e7272f7a7583a4f8e045096653f6074e181117eb61fc8fe3b45", size = 7227049, upload-time = "2026-04-22T20:14:01.871Z" },
    { url = "https://files.pythonhosted.org/packages/5c/20/b8f552f2a863778f49ebb708f18aaf0bfb275480a48965786e06efacf1c4/pydantic_monty-0.0.17-cp314-cp314-win_amd64.whl", hash = "sha256:36a8090a628e8cf91df8f66c721a71050ac8f48473d4992b9afbd9585941a647", size = 8062999, upload-time = "2026-04-22T20:14:44.006Z" },
]

[[package]]
name = "pygments"
version = "2.20.0"
source = { registry = "https://pypi.org/simple" }
sdist = { url = "https://files.pythonhosted.org/packages/c3/b2/bc9c9196916376152d655522fdcebac55e66de6603a76a02bca1b6414f6c/pygments-2.20.0.tar.gz", hash = "sha256:6757cd03768053ff99f3039c1a36d6c0aa0b263438fcab17520b30a303a82b5f", size = 4955991, upload-time = "2026-03-29T13:29:33.898Z" }
wheels = [
    { url = "https://files.pythonhosted.org/packages/f4/7e/a72dd26f3b0f4f2bf1dd8923c85f7ceb43172af56d63c7383eb62b332364/pygments-2.20.0-py3-none-any.whl", hash = "sha256:81a9e26dd42fd28a23a2d169d86d7ac03b46e2f8b59ed4698fb4785f946d0176", size = 1231151, upload-time = "2026-03-29T13:29:30.038Z" },
]

[[package]]
name = "pytest"
version = "9.0.3"
source = { registry = "https://pypi.org/simple" }
dependencies = [
    { name = "colorama", marker = "sys_platform == 'win32'" },
    { name = "exceptiongroup", marker = "python_full_version < '3.11'" },
    { name = "iniconfig" },
    { name = "packaging" },
    { name = "pluggy" },
    { name = "pygments" },
    { name = "tomli", marker = "python_full_version < '3.11'" },
]
sdist = { url = "https://files.pythonhosted.org/packages/7d/0d/549bd94f1a0a402dc8cf64563a117c0f3765662e2e668477624baeec44d5/pytest-9.0.3.tar.gz", hash = "sha256:b86ada508af81d19edeb213c681b1d48246c1a91d304c6c81a427674c17eb91c", size = 1572165, upload-time = "2026-04-07T17:16:18.027Z" }
wheels = [
    { url = "https://files.pythonhosted.org/packages/d4/24/a372aaf5c9b7208e7112038812994107bc65a84cd00e0354a88c2c77a617/pytest-9.0.3-py3-none-any.whl", hash = "sha256:2c5efc453d45394fdd706ade797c0a81091eccd1d6e4bccfcd476e2b8e0ab5d9", size = 375249, upload-time = "2026-04-07T17:16:16.13Z" },
]

[[package]]
name = "tomli"
version = "2.4.1"
source = { registry = "https://pypi.org/simple" }
sdist = { url = "https://files.pythonhosted.org/packages/22/de/48c59722572767841493b26183a0d1cc411d54fd759c5607c4590b6563a6/tomli-2.4.1.tar.gz", hash = "sha256:7c7e1a961a0b2f2472c1ac5b69affa0ae1132c39adcb67aba98568702b9cc23f", size = 17543, upload-time = "2026-03-25T20:22:03.828Z" }
wheels = [
    { url = "https://files.pythonhosted.org/packages/f4/11/db3d5885d8528263d8adc260bb2d28ebf1270b96e98f0e0268d32b8d9900/tomli-2.4.1-cp311-cp311-macosx_10_9_x86_64.whl", hash = "sha256:f8f0fc26ec2cc2b965b7a3b87cd19c5c6b8c5e5f436b984e85f486d652285c30", size = 154704, upload-time = "2026-03-25T20:21:10.473Z" },
    { url = "https://files.pythonhosted.org/packages/6d/f7/675db52c7e46064a9aa928885a9b20f4124ecb9bc2e1ce74c9106648d202/tomli-2.4.1-cp311-cp311-macosx_11_0_arm64.whl", hash = "sha256:4ab97e64ccda8756376892c53a72bd1f964e519c77236368527f758fbc36a53a", size = 149454, upload-time = "2026-03-25T20:21:12.036Z" },
    { url = "https://files.pythonhosted.org/packages/61/71/81c50943cf953efa35bce7646caab3cf457a7d8c030b27cfb40d7235f9ee/tomli-2.4.1-cp311-cp311-manylinux2014_aarch64.manylinux_2_17_aarch64.manylinux_2_28_aarch64.whl", hash = "sha256:96481a5786729fd470164b47cdb3e0e58062a496f455ee41b4403be77cb5a076", size = 237561, upload-time = "2026-03-25T20:21:13.098Z" },
    { url = "https://files.pythonhosted.org/packages/48/c1/f41d9cb618acccca7df82aaf682f9b49013c9397212cb9f53219e3abac37/tomli-2.4.1-cp311-cp311-manylinux2014_x86_64.manylinux_2_17_x86_64.manylinux_2_28_x86_64.whl", hash = "sha256:5a881ab208c0baf688221f8cecc5401bd291d67e38a1ac884d6736cbcd8247e9", size = 243824, upload-time = "2026-03-25T20:21:14.569Z" },
    { url = "https://files.pythonhosted.org/packages/22/e4/5a816ecdd1f8ca51fb756ef684b90f2780afc52fc67f987e3c61d800a46d/tomli-2.4.1-cp311-cp311-musllinux_1_2_aarch64.whl", hash = "sha256:47149d5bd38761ac8be13a84864bf0b7b70bc051806bc3669ab1cbc56216b23c", size = 242227, upload-time = "2026-03-25T20:21:15.712Z" },
    { url = "https://files.pythonhosted.org/packages/6b/49/2b2a0ef529aa6eec245d25f0c703e020a73955ad7edf73e7f54ddc608aa5/tomli-2.4.1-cp311-cp311-musllinux_1_2_x86_64.whl", hash = "sha256:ec9bfaf3ad2df51ace80688143a6a4ebc09a248f6ff781a9945e51937008fcbc", size = 247859, upload-time = "2026-03-25T20:21:17.001Z" },
    { url = "https://files.pythonhosted.org/packages/83/bd/6c1a630eaca337e1e78c5903104f831bda934c426f9231429396ce3c3467/tomli-2.4.1-cp311-cp311-win32.whl", hash = "sha256:ff2983983d34813c1aeb0fa89091e76c3a22889ee83ab27c5eeb45100560c049", size = 97204, upload-time = "2026-03-25T20:21:18.079Z" },
    { url = "https://files.pythonhosted.org/packages/42/59/71461df1a885647e10b6bb7802d0b8e66480c61f3f43079e0dcd315b3954/tomli-2.4.1-cp311-cp311-win_amd64.whl", hash = "sha256:5ee18d9ebdb417e384b58fe414e8d6af9f4e7a0ae761519fb50f721de398dd4e", size = 108084, upload-time = "2026-03-25T20:21:18.978Z" },
    { url = "https://files.pythonhosted.org/packages/b8/83/dceca96142499c069475b790e7913b1044c1a4337e700751f48ed723f883/tomli-2.4.1-cp311-cp311-win_arm64.whl", hash = "sha256:c2541745709bad0264b7d4705ad453b76ccd191e64aa6f0fc66b69a293a45ece", size = 95285, upload-time = "2026-03-25T20:21:20.309Z" },
    { url = "https://files.pythonhosted.org/packages/c1/ba/42f134a3fe2b370f555f44b1d72feebb94debcab01676bf918d0cb70e9aa/tomli-2.4.1-cp312-cp312-macosx_10_13_x86_64.whl", hash = "sha256:c742f741d58a28940ce01d58f0ab2ea3ced8b12402f162f4d534dfe18ba1cd6a", size = 155924, upload-time = "2026-03-25T20:21:21.626Z" },
    { url = "https://files.pythonhosted.org/packages/dc/c7/62d7a17c26487ade21c5422b646110f2162f1fcc95980ef7f63e73c68f14/tomli-2.4.1-cp312-cp312-macosx_11_0_arm64.whl", hash = "sha256:7f86fd587c4ed9dd76f318225e7d9b29cfc5a9d43de44e5754db8d1128487085", size = 150018, upload-time = "2026-03-25T20:21:23.002Z" },
    { url = "https://files.pythonhosted.org/packages/5c/05/79d13d7c15f13bdef410bdd49a6485b1c37d28968314eabee452c22a7fda/tomli-2.4.1-cp312-cp312-manylinux2014_aarch64.manylinux_2_17_aarch64.manylinux_2_28_aarch64.whl", hash = "sha256:ff18e6a727ee0ab0388507b89d1bc6a22b138d1e2fa56d1ad494586d61d2eae9", size = 244948, upload-time = "2026-03-25T20:21:24.04Z" },
    { url = "https://files.pythonhosted.org/packages/10/90/d62ce007a1c80d0b2c93e02cab211224756240884751b94ca72df8a875ca/tomli-2.4.1-cp312-cp312-manylinux2014_x86_64.manylinux_2_17_x86_64.manylinux_2_28_x86_64.whl", hash = "sha256:136443dbd7e1dee43c68ac2694fde36b2849865fa258d39bf822c10e8068eac5", size = 253341, upload-time = "2026-03-25T20:21:25.177Z" },
    { url = "https://files.pythonhosted.org/packages/1a/7e/caf6496d60152ad4ed09282c1885cca4eea150bfd007da84aea07bcc0a3e/tomli-2.4.1-cp312-cp312-musllinux_1_2_aarch64.whl", hash = "sha256:5e262d41726bc187e69af7825504c933b6794dc3fbd5945e41a79bb14c31f585", size = 248159, upload-time = "2026-03-25T20:21:26.364Z" },
    { url = "https://files.pythonhosted.org/packages/99/e7/c6f69c3120de34bbd882c6fba7975f3d7a746e9218e56ab46a1bc4b42552/tomli-2.4.1-cp312-cp312-musllinux_1_2_x86_64.whl", hash = "sha256:5cb41aa38891e073ee49d55fbc7839cfdb2bc0e600add13874d048c94aadddd1", size = 253290, upload-time = "2026-03-25T20:21:27.46Z" },
    { url = "https://files.pythonhosted.org/packages/d6/2f/4a3c322f22c5c66c4b836ec58211641a4067364f5dcdd7b974b4c5da300c/tomli-2.4.1-cp312-cp312-win32.whl", hash = "sha256:da25dc3563bff5965356133435b757a795a17b17d01dbc0f42fb32447ddfd917", size = 98141, upload-time = "2026-03-25T20:21:28.492Z" },
    { url = "https://files.pythonhosted.org/packages/24/22/4daacd05391b92c55759d55eaee21e1dfaea86ce5c571f10083360adf534/tomli-2.4.1-cp312-cp312-win_amd64.whl", hash = "sha256:52c8ef851d9a240f11a88c003eacb03c31fc1c9c4ec64a99a0f922b93874fda9", size = 108847, upload-time = "2026-03-25T20:21:29.386Z" },
    { url = "https://files.pythonhosted.org/packages/68/fd/70e768887666ddd9e9f5d85129e84910f2db2796f9096aa02b721a53098d/tomli-2.4.1-cp312-cp312-win_arm64.whl", hash = "sha256:f758f1b9299d059cc3f6546ae2af89670cb1c4d48ea29c3cacc4fe7de3058257", size = 95088, upload-time = "2026-03-25T20:21:30.677Z" },
    { url = "https://files.pythonhosted.org/packages/07/06/b823a7e818c756d9a7123ba2cda7d07bc2dd32835648d1a7b7b7a05d848d/tomli-2.4.1-cp313-cp313-macosx_10_13_x86_64.whl", hash = "sha256:36d2bd2ad5fb9eaddba5226aa02c8ec3fa4f192631e347b3ed28186d43be6b54", size = 155866, upload-time = "2026-03-25T20:21:31.65Z" },
    { url = "https://files.pythonhosted.org/packages/14/6f/12645cf7f08e1a20c7eb8c297c6f11d31c1b50f316a7e7e1e1de6e2e7b7e/tomli-2.4.1-cp313-cp313-macosx_11_0_arm64.whl", hash = "sha256:eb0dc4e38e6a1fd579e5d50369aa2e10acfc9cace504579b2faabb478e76941a", size = 149887, upload-time = "2026-03-25T20:21:33.028Z" },
    { url = "https://files.pythonhosted.org/packages/5c/e0/90637574e5e7212c09099c67ad349b04ec4d6020324539297b634a0192b0/tomli-2.4.1-cp313-cp313-manylinux2014_aarch64.manylinux_2_17_aarch64.manylinux_2_28_aarch64.whl", hash = "sha256:c7f2c7f2b9ca6bdeef8f0fa897f8e05085923eb091721675170254cbc5b02897", size = 243704, upload-time = "2026-03-25T20:21:34.51Z" },
    { url = "https://files.pythonhosted.org/packages/10/8f/d3ddb16c5a4befdf31a23307f72828686ab2096f068eaf56631e136c1fdd/tomli-2.4.1-cp313-cp313-manylinux2014_x86_64.manylinux_2_17_x86_64.manylinux_2_28_x86_64.whl", hash = "sha256:f3c6818a1a86dd6dca7ddcaaf76947d5ba31aecc28cb1b67009a5877c9a64f3f", size = 251628, upload-time = "2026-03-25T20:21:36.012Z" },
    { url = "https://files.pythonhosted.org/packages/e3/f1/dbeeb9116715abee2485bf0a12d07a8f31af94d71608c171c45f64c0469d/tomli-2.4.1-cp313-cp313-musllinux_1_2_aarch64.whl", hash = "sha256:d312ef37c91508b0ab2cee7da26ec0b3ed2f03ce12bd87a588d771ae15dcf82d", size = 247180, upload-time = "2026-03-25T20:21:37.136Z" },
    { url = "https://files.pythonhosted.org/packages/d3/74/16336ffd19ed4da28a70959f92f506233bd7cfc2332b20bdb01591e8b1d1/tomli-2.4.1-cp313-cp313-musllinux_1_2_x86_64.whl", hash = "sha256:51529d40e3ca50046d7606fa99ce3956a617f9b36380da3b7f0dd3dd28e68cb5", size = 251674, upload-time = "2026-03-25T20:21:38.298Z" },
    { url = "https://files.pythonhosted.org/packages/16/f9/229fa3434c590ddf6c0aa9af64d3af4b752540686cace29e6281e3458469/tomli-2.4.1-cp313-cp313-win32.whl", hash = "sha256:2190f2e9dd7508d2a90ded5ed369255980a1bcdd58e52f7fe24b8162bf9fedbd", size = 97976, upload-time = "2026-03-25T20:21:39.316Z" },
    { url = "https://files.pythonhosted.org/packages/6a/1e/71dfd96bcc1c775420cb8befe7a9d35f2e5b1309798f009dca17b7708c1e/tomli-2.4.1-cp313-cp313-win_amd64.whl", hash = "sha256:8d65a2fbf9d2f8352685bc1364177ee3923d6baf5e7f43ea4959d7d8bc326a36", size = 108755, upload-time = "2026-03-25T20:21:40.248Z" },
    { url = "https://files.pythonhosted.org/packages/83/7a/d34f422a021d62420b78f5c538e5b102f62bea616d1d75a13f0a88acb04a/tomli-2.4.1-cp313-cp313-win_arm64.whl", hash = "sha256:4b605484e43cdc43f0954ddae319fb75f04cc10dd80d830540060ee7cd0243cd", size = 95265, upload-time = "2026-03-25T20:21:41.219Z" },
    { url = "https://files.pythonhosted.org/packages/3c/fb/9a5c8d27dbab540869f7c1f8eb0abb3244189ce780ba9cd73f3770662072/tomli-2.4.1-cp314-cp314-macosx_10_15_x86_64.whl", hash = "sha256:fd0409a3653af6c147209d267a0e4243f0ae46b011aa978b1080359fddc9b6cf", size = 155726, upload-time = "2026-03-25T20:21:42.23Z" },
    { url = "https://files.pythonhosted.org/packages/62/05/d2f816630cc771ad836af54f5001f47a6f611d2d39535364f148b6a92d6b/tomli-2.4.1-cp314-cp314-macosx_11_0_arm64.whl", hash = "sha256:a120733b01c45e9a0c34aeef92bf0cf1d56cfe81ed9d47d562f9ed591a9828ac", size = 149859, upload-time = "2026-03-25T20:21:43.386Z" },
    { url = "https://files.pythonhosted.org/packages/ce/48/66341bdb858ad9bd0ceab5a86f90eddab127cf8b046418009f2125630ecb/tomli-2.4.1-cp314-cp314-manylinux2014_aarch64.manylinux_2_17_aarch64.manylinux_2_28_aarch64.whl", hash = "sha256:559db847dc486944896521f68d8190be1c9e719fced785720d2216fe7022b662", size = 244713, upload-time = "2026-03-25T20:21:44.474Z" },
    { url = "https://files.pythonhosted.org/packages/df/6d/c5fad00d82b3c7a3ab6189bd4b10e60466f22cfe8a08a9394185c8a8111c/tomli-2.4.1-cp314-cp314-manylinux2014_x86_64.manylinux_2_17_x86_64.manylinux_2_28_x86_64.whl", hash = "sha256:01f520d4f53ef97964a240a035ec2a869fe1a37dde002b57ebc4417a27ccd853", size = 252084, upload-time = "2026-03-25T20:21:45.62Z" },
    { url = "https://files.pythonhosted.org/packages/00/71/3a69e86f3eafe8c7a59d008d245888051005bd657760e96d5fbfb0b740c2/tomli-2.4.1-cp314-cp314-musllinux_1_2_aarch64.whl", hash = "sha256:7f94b27a62cfad8496c8d2513e1a222dd446f095fca8987fceef261225538a15", size = 247973, upload-time = "2026-03-25T20:21:46.937Z" },
    { url = "https://files.pythonhosted.org/packages/67/50/361e986652847fec4bd5e4a0208752fbe64689c603c7ae5ea7cb16b1c0ca/tomli-2.4.1-cp314-cp314-musllinux_1_2_x86_64.whl", hash = "sha256:ede3e6487c5ef5d28634ba3f31f989030ad6af71edfb0055cbbd14189ff240ba", size = 256223, upload-time = "2026-03-25T20:21:48.467Z" },
    { url = "https://files.pythonhosted.org/packages/8c/9a/b4173689a9203472e5467217e0154b00e260621caa227b6fa01feab16998/tomli-2.4.1-cp314-cp314-win32.whl", hash = "sha256:3d48a93ee1c9b79c04bb38772ee1b64dcf18ff43085896ea460ca8dec96f35f6", size = 98973, upload-time = "2026-03-25T20:21:49.526Z" },
    { url = "https://files.pythonhosted.org/packages/14/58/640ac93bf230cd27d002462c9af0d837779f8773bc03dee06b5835208214/tomli-2.4.1-cp314-cp314-win_amd64.whl", hash = "sha256:88dceee75c2c63af144e456745e10101eb67361050196b0b6af5d717254dddf7", size = 109082, upload-time = "2026-03-25T20:21:50.506Z" },
    { url = "https://files.pythonhosted.org/packages/d5/2f/702d5e05b227401c1068f0d386d79a589bb12bf64c3d2c72ce0631e3bc49/tomli-2.4.1-cp314-cp314-win_arm64.whl", hash = "sha256:b8c198f8c1805dc42708689ed6864951fd2494f924149d3e4bce7710f8eb5232", size = 96490, upload-time = "2026-03-25T20:21:51.474Z" },
    { url = "https://files.pythonhosted.org/packages/45/4b/b877b05c8ba62927d9865dd980e34a755de541eb65fffba52b4cc495d4d2/tomli-2.4.1-cp314-cp314t-macosx_10_15_x86_64.whl", hash = "sha256:d4d8fe59808a54658fcc0160ecfb1b30f9089906c50b23bcb4c69eddc19ec2b4", size = 164263, upload-time = "2026-03-25T20:21:52.543Z" },
    { url = "https://files.pythonhosted.org/packages/24/79/6ab420d37a270b89f7195dec5448f79400d9e9c1826df982f3f8e97b24fd/tomli-2.4.1-cp314-cp314t-macosx_11_0_arm64.whl", hash = "sha256:7008df2e7655c495dd12d2a4ad038ff878d4ca4b81fccaf82b714e07eae4402c", size = 160736, upload-time = "2026-03-25T20:21:53.674Z" },
    { url = "https://files.pythonhosted.org/packages/02/e0/3630057d8eb170310785723ed5adcdfb7d50cb7e6455f85ba8a3deed642b/tomli-2.4.1-cp314-cp314t-manylinux2014_aarch64.manylinux_2_17_aarch64.manylinux_2_28_aarch64.whl", hash = "sha256:1d8591993e228b0c930c4bb0db464bdad97b3289fb981255d6c9a41aedc84b2d", size = 270717, upload-time = "2026-03-25T20:21:55.129Z" },
    { url = "https://files.pythonhosted.org/packages/7a/b4/1613716072e544d1a7891f548d8f9ec6ce2faf42ca65acae01d76ea06bb0/tomli-2.4.1-cp314-cp314t-manylinux2014_x86_64.manylinux_2_17_x86_64.manylinux_2_28_x86_64.whl", hash = "sha256:734e20b57ba95624ecf1841e72b53f6e186355e216e5412de414e3c51e5e3c41", size = 278461, upload-time = "2026-03-25T20:21:56.228Z" },
    { url = "https://files.pythonhosted.org/packages/05/38/30f541baf6a3f6df77b3df16b01ba319221389e2da59427e221ef417ac0c/tomli-2.4.1-cp314-cp314t-musllinux_1_2_aarch64.whl", hash = "sha256:8a650c2dbafa08d42e51ba0b62740dae4ecb9338eefa093aa5c78ceb546fcd5c", size = 274855, upload-time = "2026-03-25T20:21:57.653Z" },
    { url = "https://files.pythonhosted.org/packages/77/a3/ec9dd4fd2c38e98de34223b995a3b34813e6bdadf86c75314c928350ed14/tomli-2.4.1-cp314-cp314t-musllinux_1_2_x86_64.whl", hash = "sha256:504aa796fe0569bb43171066009ead363de03675276d2d121ac1a4572397870f", size = 283144, upload-time = "2026-03-25T20:21:59.089Z" },
    { url = "https://files.pythonhosted.org/packages/ef/be/605a6261cac79fba2ec0c9827e986e00323a1945700969b8ee0b30d85453/tomli-2.4.1-cp314-cp314t-win32.whl", hash = "sha256:b1d22e6e9387bf4739fbe23bfa80e93f6b0373a7f1b96c6227c32bef95a4d7a8", size = 108683, upload-time = "2026-03-25T20:22:00.214Z" },
    { url = "https://files.pythonhosted.org/packages/12/64/da524626d3b9cc40c168a13da8335fe1c51be12c0a63685cc6db7308daae/tomli-2.4.1-cp314-cp314t-win_amd64.whl", hash = "sha256:2c1c351919aca02858f740c6d33adea0c5deea37f9ecca1cc1ef9e884a619d26", size = 121196, upload-time = "2026-03-25T20:22:01.169Z" },
    { url = "https://files.pythonhosted.org/packages/5a/cd/e80b62269fc78fc36c9af5a6b89c835baa8af28ff5ad28c7028d60860320/tomli-2.4.1-cp314-cp314t-win_arm64.whl", hash = "sha256:eab21f45c7f66c13f2a9e0e1535309cee140182a9cdae1e041d02e47291e8396", size = 100393, upload-time = "2026-03-25T20:22:02.137Z" },
    { url = "https://files.pythonhosted.org/packages/7b/61/cceae43728b7de99d9b847560c262873a1f6c98202171fd5ed62640b494b/tomli-2.4.1-py3-none-any.whl", hash = "sha256:0d85819802132122da43cb86656f8d1f8c6587d54ae7dcaf30e90533028b49fe", size = 14583, upload-time = "2026-03-25T20:22:03.012Z" },
]

[[package]]
name = "typing-extensions"
version = "4.15.0"
source = { registry = "https://pypi.org/simple" }
sdist = { url = "https://files.pythonhosted.org/packages/72/94/1a15dd82efb362ac84269196e94cf00f187f7ed21c242792a923cdb1c61f/typing_extensions-4.15.0.tar.gz", hash = "sha256:0cea48d173cc12fa28ecabc3b837ea3cf6f38c6d1136f85cbaaf598984861466", size = 109391, upload-time = "2025-08-25T13:49:26.313Z" }
wheels = [
    { url = "https://files.pythonhosted.org/packages/18/67/36e9267722cc04a6b9f15c7f3441c2363321a3ea07da7ae0c0707beb2a9c/typing_extensions-4.15.0-py3-none-any.whl", hash = "sha256:f0fa19c6845758ab08074a0cfa8b7aecb71c999ca73d62883bc25cc018c4e548", size = 44614, upload-time = "2025-08-25T13:49:24.86Z" },
]
